
Microsoft Visual Studio Solution File, Format Version 12.00
# Visual Studio Version 16
VisualStudioVersion = 16.0.29411.108
MinimumVisualStudioVersion = 10.0.40219.1
Project("{FAE04EC0-301F-11D3-BF4B-00C04F79EFBC}") = "specflowselenium", "specflowselenium.csproj", "{1CE86B89-2832-49EA-8DBE-1CD1DA618035}"
EndProject
Project("{2150E333-8FDC-42A3-9474-1A3956D46DE8}") = "Solution Items", "Solution Items", "{7EDB5CED-060E-435D-8D83-FDBEEFA8BACB}"
	ProjectSection(SolutionItems) = preProject
		..\README.md = ..\README.md
	EndProjectSection
EndProject
Global
	GlobalSection(SolutionConfigurationPlatforms) = preSolution
		Debug|Any CPU = Debug|Any CPU
		Release|Any CPU = Release|Any CPU
	EndGlobalSection
	GlobalSection(ProjectConfigurationPlatforms) = postSolution
		{1CE86B89-2832-49EA-8DBE-1CD1DA618035}.Debug|Any CPU.ActiveCfg = Debug|Any CPU
		{1CE86B89-2832-49EA-8DBE-1CD1DA618035}.Debug|Any CPU.Build.0 = Debug|Any CPU
		{1CE86B89-2832-49EA-8DBE-1CD1DA618035}.Release|Any CPU.ActiveCfg = Release|Any CPU
		{1CE86B89-2832-49EA-8DBE-1CD1DA618035}.Release|Any CPU.Build.0 = Release|Any CPU
	EndGlobalSection
	GlobalSection(SolutionProperties) = preSolution
		HideSolutionNode = FALSE
	EndGlobalSection
	GlobalSection(ExtensibilityGlobals) = postSolution
		SolutionGuid = {03B77DC3-B5BE-49C6-A335-54BA4EB479E6}
	EndGlobalSection
EndGlobal
